
Microsoft Visual Studio Solution File, Format Version 12.00
# Visual Studio 15
VisualStudioVersion = 15.0.26124.0
MinimumVisualStudioVersion = 15.0.26124.0
Project("{FAE04EC0-301F-11D3-BF4B-00C04F79EFBC}") = "Cube3Edit", "Cube3Edit\Cube3Edit.csproj", "{583B0467-62DE-4258-89E8-AA20C0F9CE85}"
EndProject
Project("{FAE04EC0-301F-11D3-BF4B-00C04F79EFBC}") = "BitForByteSupport", "BitForByteSupport\BitForByteSupport.csproj", "{D7A7938F-4BC0-4A0A-A61D-89C14A2F13AA}"
EndProject
Project("{FAE04EC0-301F-11D3-BF4B-00C04F79EFBC}") = "FileHelper", "FileHelper\FileHelper.csproj", "{238F7F2C-5F3D-4A5B-9010-1D18E9DBE0A3}"
EndProject
Project("{FAE04EC0-301F-11D3-BF4B-00C04F79EFBC}") = "Cube3Encoder", "Cube3Encoder\Cube3Encoder.csproj", "{028F3AAD-30DC-402F-9A4E-4FF1998251E8}"
EndProject
Project("{FAE04EC0-301F-11D3-BF4B-00C04F79EFBC}") = "Cube3Decoder", "Cube3Decoder\Cube3Decoder.csproj", "{B4571AF7-1415-4FD0-837A-4C861C1979CA}"
EndProject
Project("{FAE04EC0-301F-11D3-BF4B-00C04F79EFBC}") = "Cube3Coding", "Cube3Coding\Cube3Coding.csproj", "{3AA7BF6F-52EE-4F88-B77B-9E0A996B2CEA}"
EndProject
Project("{FAE04EC0-301F-11D3-BF4B-00C04F79EFBC}") = "CubeExtractor", "CubeExtractor\CubeExtractor.csproj", "{FEDCE63A-D26B-4F21-BC02-3BF7108BE503}"
EndProject
Project("{FAE04EC0-301F-11D3-BF4B-00C04F79EFBC}") = "CubeBuilder", "CubeBuilder\CubeBuilder.csproj", "{64D89734-A4F0-457B-A03E-D4BF2C539BA9}"
EndProject
Project("{FAE04EC0-301F-11D3-BF4B-00C04F79EFBC}") = "Cube3ScriptGenerator", "Cube3ScriptGenerator\Cube3ScriptGenerator.csproj", "{337B74A4-B3C9-45D9-AB46-3AE8BF891854}"
EndProject
Project("{FAE04EC0-301F-11D3-BF4B-00C04F79EFBC}") = "C3UI", "C3UI\C3UI.csproj", "{3DAF5831-F12A-4784-AB66-5F7024AD88F3}"
EndProject
Global
	GlobalSection(SolutionConfigurationPlatforms) = preSolution
		Debug|Any CPU = Debug|Any CPU
		Debug|x64 = Debug|x64
		Debug|x86 = Debug|x86
		Release|Any CPU = Release|Any CPU
		Release|x64 = Release|x64
		Release|x86 = Release|x86
	EndGlobalSection
	GlobalSection(SolutionProperties) = preSolution
		HideSolutionNode = FALSE
	EndGlobalSection
	GlobalSection(ProjectConfigurationPlatforms) = postSolution
		{583B0467-62DE-4258-89E8-AA20C0F9CE85}.Debug|Any CPU.ActiveCfg = Debug|Any CPU
		{583B0467-62DE-4258-89E8-AA20C0F9CE85}.Debug|Any CPU.Build.0 = Debug|Any CPU
		{583B0467-62DE-4258-89E8-AA20C0F9CE85}.Debug|x64.ActiveCfg = Debug|Any CPU
		{583B0467-62DE-4258-89E8-AA20C0F9CE85}.Debug|x64.Build.0 = Debug|Any CPU
		{583B0467-62DE-4258-89E8-AA20C0F9CE85}.Debug|x86.ActiveCfg = Debug|Any CPU
		{583B0467-62DE-4258-89E8-AA20C0F9CE85}.Debug|x86.Build.0 = Debug|Any CPU
		{583B0467-62DE-4258-89E8-AA20C0F9CE85}.Release|Any CPU.ActiveCfg = Release|Any CPU
		{583B0467-62DE-4258-89E8-AA20C0F9CE85}.Release|Any CPU.Build.0 = Release|Any CPU
		{583B0467-62DE-4258-89E8-AA20C0F9CE85}.Release|x64.ActiveCfg = Release|Any CPU
		{583B0467-62DE-4258-89E8-AA20C0F9CE85}.Release|x64.Build.0 = Release|Any CPU
		{583B0467-62DE-4258-89E8-AA20C0F9CE85}.Release|x86.ActiveCfg = Release|Any CPU
		{583B0467-62DE-4258-89E8-AA20C0F9CE85}.Release|x86.Build.0 = Release|Any CPU
		{D7A7938F-4BC0-4A0A-A61D-89C14A2F13AA}.Debug|Any CPU.ActiveCfg = Debug|Any CPU
		{D7A7938F-4BC0-4A0A-A61D-89C14A2F13AA}.Debug|Any CPU.Build.0 = Debug|Any CPU
		{D7A7938F-4BC0-4A0A-A61D-89C14A2F13AA}.Debug|x64.ActiveCfg = Debug|Any CPU
		{D7A7938F-4BC0-4A0A-A61D-89C14A2F13AA}.Debug|x64.Build.0 = Debug|Any CPU
		{D7A7938F-4BC0-4A0A-A61D-89C14A2F13AA}.Debug|x86.ActiveCfg = Debug|Any CPU
		{D7A7938F-4BC0-4A0A-A61D-89C14A2F13AA}.Debug|x86.Build.0 = Debug|Any CPU
		{D7A7938F-4BC0-4A0A-A61D-89C14A2F13AA}.Release|Any CPU.ActiveCfg = Release|Any CPU
		{D7A7938F-4BC0-4A0A-A61D-89C14A2F13AA}.Release|Any CPU.Build.0 = Release|Any CPU
		{D7A7938F-4BC0-4A0A-A61D-89C14A2F13AA}.Release|x64.ActiveCfg = Release|Any CPU
		{D7A7938F-4BC0-4A0A-A61D-89C14A2F13AA}.Release|x64.Build.0 = Release|Any CPU
		{D7A7938F-4BC0-4A0A-A61D-89C14A2F13AA}.Release|x86.ActiveCfg = Release|Any CPU
		{D7A7938F-4BC0-4A0A-A61D-89C14A2F13AA}.Release|x86.Build.0 = Release|Any CPU
		{238F7F2C-5F3D-4A5B-9010-1D18E9DBE0A3}.Debug|Any CPU.ActiveCfg = Debug|Any CPU
		{238F7F2C-5F3D-4A5B-9010-1D18E9DBE0A3}.Debug|Any CPU.Build.0 = Debug|Any CPU
		{238F7F2C-5F3D-4A5B-9010-1D18E9DBE0A3}.Debug|x64.ActiveCfg = Debug|Any CPU
		{238F7F2C-5F3D-4A5B-9010-1D18E9DBE0A3}.Debug|x64.Build.0 = Debug|Any CPU
		{238F7F2C-5F3D-4A5B-9010-1D18E9DBE0A3}.Debug|x86.ActiveCfg = Debug|Any CPU
		{238F7F2C-5F3D-4A5B-9010-1D18E9DBE0A3}.Debug|x86.Build.0 = Debug|Any CPU
		{238F7F2C-5F3D-4A5B-9010-1D18E9DBE0A3}.Release|Any CPU.ActiveCfg = Release|Any CPU
		{238F7F2C-5F3D-4A5B-9010-1D18E9DBE0A3}.Release|Any CPU.Build.0 = Release|Any CPU
		{238F7F2C-5F3D-4A5B-9010-1D18E9DBE0A3}.Release|x64.ActiveCfg = Release|Any CPU
		{238F7F2C-5F3D-4A5B-9010-1D18E9DBE0A3}.Release|x64.Build.0 = Release|Any CPU
		{238F7F2C-5F3D-4A5B-9010-1D18E9DBE0A3}.Release|x86.ActiveCfg = Release|Any CPU
		{238F7F2C-5F3D-4A5B-9010-1D18E9DBE0A3}.Release|x86.Build.0 = Release|Any CPU
		{028F3AAD-30DC-402F-9A4E-4FF1998251E8}.Debug|Any CPU.ActiveCfg = Debug|Any CPU
		{028F3AAD-30DC-402F-9A4E-4FF1998251E8}.Debug|Any CPU.Build.0 = Debug|Any CPU
		{028F3AAD-30DC-402F-9A4E-4FF1998251E8}.Debug|x64.ActiveCfg = Debug|Any CPU
		{028F3AAD-30DC-402F-9A4E-4FF1998251E8}.Debug|x64.Build.0 = Debug|Any CPU
		{028F3AAD-30DC-402F-9A4E-4FF1998251E8}.Debug|x86.ActiveCfg = Debug|Any CPU
		{028F3AAD-30DC-402F-9A4E-4FF1998251E8}.Debug|x86.Build.0 = Debug|Any CPU
		{028F3AAD-30DC-402F-9A4E-4FF1998251E8}.Release|Any CPU.ActiveCfg = Release|Any CPU
		{028F3AAD-30DC-402F-9A4E-4FF1998251E8}.Release|Any CPU.Build.0 = Release|Any CPU
		{028F3AAD-30DC-402F-9A4E-4FF1998251E8}.Release|x64.ActiveCfg = Release|Any CPU
		{028F3AAD-30DC-402F-9A4E-4FF1998251E8}.Release|x64.Build.0 = Release|Any CPU
		{028F3AAD-30DC-402F-9A4E-4FF1998251E8}.Release|x86.ActiveCfg = Release|Any CPU
		{028F3AAD-30DC-402F-9A4E-4FF1998251E8}.Release|x86.Build.0 = Release|Any CPU
		{B4571AF7-1415-4FD0-837A-4C861C1979CA}.Debug|Any CPU.ActiveCfg = Debug|Any CPU
		{B4571AF7-1415-4FD0-837A-4C861C1979CA}.Debug|Any CPU.Build.0 = Debug|Any CPU
		{B4571AF7-1415-4FD0-837A-4C861C1979CA}.Debug|x64.ActiveCfg = Debug|Any CPU
		{B4571AF7-1415-4FD0-837A-4C861C1979CA}.Debug|x64.Build.0 = Debug|Any CPU
		{B4571AF7-1415-4FD0-837A-4C861C1979CA}.Debug|x86.ActiveCfg = Debug|Any CPU
		{B4571AF7-1415-4FD0-837A-4C861C1979CA}.Debug|x86.Build.0 = Debug|Any CPU
		{B4571AF7-1415-4FD0-837A-4C861C1979CA}.Release|Any CPU.ActiveCfg = Release|Any CPU
		{B4571AF7-1415-4FD0-837A-4C861C1979CA}.Release|Any CPU.Build.0 = Release|Any CPU
		{B4571AF7-1415-4FD0-837A-4C861C1979CA}.Release|x64.ActiveCfg = Release|Any CPU
		{B4571AF7-1415-4FD0-837A-4C861C1979CA}.Release|x64.Build.0 = Release|Any CPU
		{B4571AF7-1415-4FD0-837A-4C861C1979CA}.Release|x86.ActiveCfg = Release|Any CPU
		{B4571AF7-1415-4FD0-837A-4C861C1979CA}.Release|x86.Build.0 = Release|Any CPU
		{3AA7BF6F-52EE-4F88-B77B-9E0A996B2CEA}.Debug|Any CPU.ActiveCfg = Debug|Any CPU
		{3AA7BF6F-52EE-4F88-B77B-9E0A996B2CEA}.Debug|Any CPU.Build.0 = Debug|Any CPU
		{3AA7BF6F-52EE-4F88-B77B-9E0A996B2CEA}.Debug|x64.ActiveCfg = Debug|Any CPU
		{3AA7BF6F-52EE-4F88-B77B-9E0A996B2CEA}.Debug|x64.Build.0 = Debug|Any CPU
		{3AA7BF6F-52EE-4F88-B77B-9E0A996B2CEA}.Debug|x86.ActiveCfg = Debug|Any CPU
		{3AA7BF6F-52EE-4F88-B77B-9E0A996B2CEA}.Debug|x86.Build.0 = Debug|Any CPU
		{3AA7BF6F-52EE-4F88-B77B-9E0A996B2CEA}.Release|Any CPU.ActiveCfg = Release|Any CPU
		{3AA7BF6F-52EE-4F88-B77B-9E0A996B2CEA}.Release|Any CPU.Build.0 = Release|Any CPU
		{3AA7BF6F-52EE-4F88-B77B-9E0A996B2CEA}.Release|x64.ActiveCfg = Release|Any CPU
		{3AA7BF6F-52EE-4F88-B77B-9E0A996B2CEA}.Release|x64.Build.0 = Release|Any CPU
		{3AA7BF6F-52EE-4F88-B77B-9E0A996B2CEA}.Release|x86.ActiveCfg = Release|Any CPU
		{3AA7BF6F-52EE-4F88-B77B-9E0A996B2CEA}.Release|x86.Build.0 = Release|Any CPU
		{FEDCE63A-D26B-4F21-BC02-3BF7108BE503}.Debug|Any CPU.ActiveCfg = Debug|Any CPU
		{FEDCE63A-D26B-4F21-BC02-3BF7108BE503}.Debug|Any CPU.Build.0 = Debug|Any CPU
		{FEDCE63A-D26B-4F21-BC02-3BF7108BE503}.Debug|x64.ActiveCfg = Debug|Any CPU
		{FEDCE63A-D26B-4F21-BC02-3BF7108BE503}.Debug|x64.Build.0 = Debug|Any CPU
		{FEDCE63A-D26B-4F21-BC02-3BF7108BE503}.Debug|x86.ActiveCfg = Debug|Any CPU
		{FEDCE63A-D26B-4F21-BC02-3BF7108BE503}.Debug|x86.Build.0 = Debug|Any CPU
		{FEDCE63A-D26B-4F21-BC02-3BF7108BE503}.Release|Any CPU.ActiveCfg = Release|Any CPU
		{FEDCE63A-D26B-4F21-BC02-3BF7108BE503}.Release|Any CPU.Build.0 = Release|Any CPU
		{FEDCE63A-D26B-4F21-BC02-3BF7108BE503}.Release|x64.ActiveCfg = Release|Any CPU
		{FEDCE63A-D26B-4F21-BC02-3BF7108BE503}.Release|x64.Build.0 = Release|Any CPU
		{FEDCE63A-D26B-4F21-BC02-3BF7108BE503}.Release|x86.ActiveCfg = Release|Any CPU
		{FEDCE63A-D26B-4F21-BC02-3BF7108BE503}.Release|x86.Build.0 = Release|Any CPU
		{64D89734-A4F0-457B-A03E-D4BF2C539BA9}.Debug|Any CPU.ActiveCfg = Debug|Any CPU
		{64D89734-A4F0-457B-A03E-D4BF2C539BA9}.Debug|Any CPU.Build.0 = Debug|Any CPU
		{64D89734-A4F0-457B-A03E-D4BF2C539BA9}.Debug|x64.ActiveCfg = Debug|Any CPU
		{64D89734-A4F0-457B-A03E-D4BF2C539BA9}.Debug|x64.Build.0 = Debug|Any CPU
		{64D89734-A4F0-457B-A03E-D4BF2C539BA9}.Debug|x86.ActiveCfg = Debug|Any CPU
		{64D89734-A4F0-457B-A03E-D4BF2C539BA9}.Debug|x86.Build.0 = Debug|Any CPU
		{64D89734-A4F0-457B-A03E-D4BF2C539BA9}.Release|Any CPU.ActiveCfg = Release|Any CPU
		{64D89734-A4F0-457B-A03E-D4BF2C539BA9}.Release|Any CPU.Build.0 = Release|Any CPU
		{64D89734-A4F0-457B-A03E-D4BF2C539BA9}.Release|x64.ActiveCfg = Release|Any CPU
		{64D89734-A4F0-457B-A03E-D4BF2C539BA9}.Release|x64.Build.0 = Release|Any CPU
		{64D89734-A4F0-457B-A03E-D4BF2C539BA9}.Release|x86.ActiveCfg = Release|Any CPU
		{64D89734-A4F0-457B-A03E-D4BF2C539BA9}.Release|x86.Build.0 = Release|Any CPU
		{337B74A4-B3C9-45D9-AB46-3AE8BF891854}.Debug|Any CPU.ActiveCfg = Debug|Any CPU
		{337B74A4-B3C9-45D9-AB46-3AE8BF891854}.Debug|Any CPU.Build.0 = Debug|Any CPU
		{337B74A4-B3C9-45D9-AB46-3AE8BF891854}.Debug|x64.ActiveCfg = Debug|Any CPU
		{337B74A4-B3C9-45D9-AB46-3AE8BF891854}.Debug|x64.Build.0 = Debug|Any CPU
		{337B74A4-B3C9-45D9-AB46-3AE8BF891854}.Debug|x86.ActiveCfg = Debug|Any CPU
		{337B74A4-B3C9-45D9-AB46-3AE8BF891854}.Debug|x86.Build.0 = Debug|Any CPU
		{337B74A4-B3C9-45D9-AB46-3AE8BF891854}.Release|Any CPU.ActiveCfg = Release|Any CPU
		{337B74A4-B3C9-45D9-AB46-3AE8BF891854}.Release|Any CPU.Build.0 = Release|Any CPU
		{337B74A4-B3C9-45D9-AB46-3AE8BF891854}.Release|x64.ActiveCfg = Release|Any CPU
		{337B74A4-B3C9-45D9-AB46-3AE8BF891854}.Release|x64.Build.0 = Release|Any CPU
		{337B74A4-B3C9-45D9-AB46-3AE8BF891854}.Release|x86.ActiveCfg = Release|Any CPU
		{337B74A4-B3C9-45D9-AB46-3AE8BF891854}.Release|x86.Build.0 = Release|Any CPU
		{3DAF5831-F12A-4784-AB66-5F7024AD88F3}.Debug|Any CPU.ActiveCfg = Debug|Any CPU
		{3DAF5831-F12A-4784-AB66-5F7024AD88F3}.Debug|Any CPU.Build.0 = Debug|Any CPU
		{3DAF5831-F12A-4784-AB66-5F7024AD88F3}.Debug|x64.ActiveCfg = Debug|Any CPU
		{3DAF5831-F12A-4784-AB66-5F7024AD88F3}.Debug|x64.Build.0 = Debug|Any CPU
		{3DAF5831-F12A-4784-AB66-5F7024AD88F3}.Debug|x86.ActiveCfg = Debug|Any CPU
		{3DAF5831-F12A-4784-AB66-5F7024AD88F3}.Debug|x86.Build.0 = Debug|Any CPU
		{3DAF5831-F12A-4784-AB66-5F7024AD88F3}.Release|Any CPU.ActiveCfg = Release|Any CPU
		{3DAF5831-F12A-4784-AB66-5F7024AD88F3}.Release|Any CPU.Build.0 = Release|Any CPU
		{3DAF5831-F12A-4784-AB66-5F7024AD88F3}.Release|x64.ActiveCfg = Release|Any CPU
		{3DAF5831-F12A-4784-AB66-5F7024AD88F3}.Release|x64.Build.0 = Release|Any CPU
		{3DAF5831-F12A-4784-AB66-5F7024AD88F3}.Release|x86.ActiveCfg = Release|Any CPU
		{3DAF5831-F12A-4784-AB66-5F7024AD88F3}.Release|x86.Build.0 = Release|Any CPU
	EndGlobalSection
EndGlobal
